dependencies:
- name: elasticsearch
  repository: https://helm.elastic.co
  version: 8.5.1
- name: kibana
  repository: https://helm.elastic.co
  version: 8.5.1
- name: logstash
  repository: https://helm.elastic.co
  version: 8.5.1
- name: filebeat
  repository: https://helm.elastic.co
  version: 8.5.1
digest: sha256:315e485a4eb1877a467a8cc39314336f8f2e80db38a72ddf2acc441e424d3450
generated: "2025-09-22T10:09:14.465493973-04:00"
